
Microsoft Visual Studio Solution File, Format Version 12.00
# Visual Studio Version 16
VisualStudioVersion = 16.0.31129.286
MinimumVisualStudioVersion = 10.0.40219.1
Project("{8BC9CEB8-8B4A-11D0-8D11-00A0C91BC942}") = "pruebamysql", "pruebamysql\pruebamysql.vcxproj", "{321D868A-7866-4BBE-A4B7-15DE239C31AB}"
EndProject
Global
	GlobalSection(SolutionConfigurationPlatforms) = preSolution
		Debug|x64 = Debug|x64
		Debug|x86 = Debug|x86
		Release|x64 = Release|x64
		Release|x86 = Release|x86
	EndGlobalSection
	GlobalSection(ProjectConfigurationPlatforms) = postSolution
		{321D868A-7866-4BBE-A4B7-15DE239C31AB}.Debug|x64.ActiveCfg = Release|x64
		{321D868A-7866-4BBE-A4B7-15DE239C31AB}.Debug|x64.Build.0 = Release|x64
		{321D868A-7866-4BBE-A4B7-15DE239C31AB}.Debug|x86.ActiveCfg = Debug|Win32
		{321D868A-7866-4BBE-A4B7-15DE239C31AB}.Debug|x86.Build.0 = Debug|Win32
		{321D868A-7866-4BBE-A4B7-15DE239C31AB}.Release|x64.ActiveCfg = Release|x64
		{321D868A-7866-4BBE-A4B7-15DE239C31AB}.Release|x64.Build.0 = Release|x64
		{321D868A-7866-4BBE-A4B7-15DE239C31AB}.Release|x86.ActiveCfg = Release|Win32
		{321D868A-7866-4BBE-A4B7-15DE239C31AB}.Release|x86.Build.0 = Release|Win32
	EndGlobalSection
	GlobalSection(SolutionProperties) = preSolution
		HideSolutionNode = FALSE
	EndGlobalSection
	GlobalSection(ExtensibilityGlobals) = postSolution
		SolutionGuid = {DBB4F07A-5785-4644-941C-FBB3275B2F32}
	EndGlobalSection
EndGlobal
